
Microsoft Visual Studio Solution File, Format Version 12.00
# Visual Studio 15
VisualStudioVersion = 15.0.28010.2036
MinimumVisualStudioVersion = 10.0.40219.1
Project("{FAE04EC0-301F-11D3-BF4B-00C04F79EFBC}") = "myMVCApp", "myMVCApp\myMVCApp.csproj", "{5936C377-336B-4591-A76B-359DBAA73C11}"
EndProject
Global
	GlobalSection(SolutionConfigurationPlatforms) = preSolution
		Debug|Any CPU = Debug|Any CPU
		Release|Any CPU = Release|Any CPU
	EndGlobalSection
	GlobalSection(ProjectConfigurationPlatforms) = postSolution
		{5936C377-336B-4591-A76B-359DBAA73C11}.Debug|Any CPU.ActiveCfg = Debug|Any CPU
		{5936C377-336B-4591-A76B-359DBAA73C11}.Debug|Any CPU.Build.0 = Debug|Any CPU
		{5936C377-336B-4591-A76B-359DBAA73C11}.Release|Any CPU.ActiveCfg = Release|Any CPU
		{5936C377-336B-4591-A76B-359DBAA73C11}.Release|Any CPU.Build.0 = Release|Any CPU
	EndGlobalSection
	GlobalSection(SolutionProperties) = preSolution
		HideSolutionNode = FALSE
	EndGlobalSection
	GlobalSection(ExtensibilityGlobals) = postSolution
		SolutionGuid = {72F722E3-0F74-487A-B927-7900E9DC814B}
	EndGlobalSection
EndGlobal
