
Microsoft Visual Studio Solution File, Format Version 12.00
# Visual Studio 15
VisualStudioVersion = 15.0.28010.2046
MinimumVisualStudioVersion = 10.0.40219.1
Project("{FAE04EC0-301F-11D3-BF4B-00C04F79EFBC}") = "lagerking", "lagerking.csproj", "{32868933-3D2D-41B5-860D-DF12E64F9147}"
EndProject
Project("{FAE04EC0-301F-11D3-BF4B-00C04F79EFBC}") = "CodedUITest_lagerking", "..\CodedUITest_lagerking\CodedUITest_lagerking.csproj", "{30E4D5CC-26F2-49F3-8A1D-E859CE7D9EC1}"
EndProject
Global
	GlobalSection(SolutionConfigurationPlatforms) = preSolution
		Debug|Any CPU = Debug|Any CPU
		Release|Any CPU = Release|Any CPU
	EndGlobalSection
	GlobalSection(ProjectConfigurationPlatforms) = postSolution
		{32868933-3D2D-41B5-860D-DF12E64F9147}.Debug|Any CPU.ActiveCfg = Debug|Any CPU
		{32868933-3D2D-41B5-860D-DF12E64F9147}.Debug|Any CPU.Build.0 = Debug|Any CPU
		{32868933-3D2D-41B5-860D-DF12E64F9147}.Release|Any CPU.ActiveCfg = Release|Any CPU
		{32868933-3D2D-41B5-860D-DF12E64F9147}.Release|Any CPU.Build.0 = Release|Any CPU
		{30E4D5CC-26F2-49F3-8A1D-E859CE7D9EC1}.Debug|Any CPU.ActiveCfg = Debug|Any CPU
		{30E4D5CC-26F2-49F3-8A1D-E859CE7D9EC1}.Debug|Any CPU.Build.0 = Debug|Any CPU
		{30E4D5CC-26F2-49F3-8A1D-E859CE7D9EC1}.Release|Any CPU.ActiveCfg = Release|Any CPU
		{30E4D5CC-26F2-49F3-8A1D-E859CE7D9EC1}.Release|Any CPU.Build.0 = Release|Any CPU
	EndGlobalSection
	GlobalSection(SolutionProperties) = preSolution
		HideSolutionNode = FALSE
	EndGlobalSection
	GlobalSection(ExtensibilityGlobals) = postSolution
		SolutionGuid = {72017C96-2D24-41B3-A359-B06DFFB26526}
	EndGlobalSection
EndGlobal
